
Microsoft Visual Studio Solution File, Format Version 12.00
# Visual Studio 15
VisualStudioVersion = 15.0.27004.2009
MinimumVisualStudioVersion = 10.0.40219.1
Project("{FAE04EC0-301F-11D3-BF4B-00C04F79EFBC}") = "ColorInteraction.Server", "ColorInteraction.Server\ColorInteraction.Server.csproj", "{4338F82F-4EF0-41C3-910B-99E4B2B45C09}"
EndProject
Project("{FAE04EC0-301F-11D3-BF4B-00C04F79EFBC}") = "ColorInteraction.Common", "ColorInteraction.Common\ColorInteraction.Common.csproj", "{B87F0478-F15B-40FD-AFE6-F9C91372D479}"
EndProject
Project("{FAE04EC0-301F-11D3-BF4B-00C04F79EFBC}") = "ColorInteraction.Client", "ColorInteraction.Client\ColorInteraction.Client.csproj", "{536F3254-F52B-4F9A-BE06-A3D1432B4BE5}"
EndProject
Project("{FAE04EC0-301F-11D3-BF4B-00C04F79EFBC}") = "ColorInteraction.Database", "ColorInteraction.Database\ColorInteraction.Database.csproj", "{F6A2B5EE-9812-4781-88B5-A2BC43F4F0D1}"
EndProject
Project("{FAE04EC0-301F-11D3-BF4B-00C04F79EFBC}") = "ColorInteraction.Web", "ColorInteraction.Web\ColorInteraction.Web.csproj", "{8ECCD663-DEBA-4EAF-A439-605C9C00ECEC}"
EndProject
Global
	GlobalSection(SolutionConfigurationPlatforms) = preSolution
		Debug|Any CPU = Debug|Any CPU
		Release|Any CPU = Release|Any CPU
	EndGlobalSection
	GlobalSection(ProjectConfigurationPlatforms) = postSolution
		{4338F82F-4EF0-41C3-910B-99E4B2B45C09}.Debug|Any CPU.ActiveCfg = Debug|Any CPU
		{4338F82F-4EF0-41C3-910B-99E4B2B45C09}.Debug|Any CPU.Build.0 = Debug|Any CPU
		{4338F82F-4EF0-41C3-910B-99E4B2B45C09}.Release|Any CPU.ActiveCfg = Release|Any CPU
		{4338F82F-4EF0-41C3-910B-99E4B2B45C09}.Release|Any CPU.Build.0 = Release|Any CPU
		{B87F0478-F15B-40FD-AFE6-F9C91372D479}.Debug|Any CPU.ActiveCfg = Debug|Any CPU
		{B87F0478-F15B-40FD-AFE6-F9C91372D479}.Debug|Any CPU.Build.0 = Debug|Any CPU
		{B87F0478-F15B-40FD-AFE6-F9C91372D479}.Release|Any CPU.ActiveCfg = Release|Any CPU
		{B87F0478-F15B-40FD-AFE6-F9C91372D479}.Release|Any CPU.Build.0 = Release|Any CPU
		{536F3254-F52B-4F9A-BE06-A3D1432B4BE5}.Debug|Any CPU.ActiveCfg = Debug|Any CPU
		{536F3254-F52B-4F9A-BE06-A3D1432B4BE5}.Debug|Any CPU.Build.0 = Debug|Any CPU
		{536F3254-F52B-4F9A-BE06-A3D1432B4BE5}.Release|Any CPU.ActiveCfg = Release|Any CPU
		{536F3254-F52B-4F9A-BE06-A3D1432B4BE5}.Release|Any CPU.Build.0 = Release|Any CPU
		{F6A2B5EE-9812-4781-88B5-A2BC43F4F0D1}.Debug|Any CPU.ActiveCfg = Debug|Any CPU
		{F6A2B5EE-9812-4781-88B5-A2BC43F4F0D1}.Debug|Any CPU.Build.0 = Debug|Any CPU
		{F6A2B5EE-9812-4781-88B5-A2BC43F4F0D1}.Release|Any CPU.ActiveCfg = Release|Any CPU
		{F6A2B5EE-9812-4781-88B5-A2BC43F4F0D1}.Release|Any CPU.Build.0 = Release|Any CPU
		{8ECCD663-DEBA-4EAF-A439-605C9C00ECEC}.Debug|Any CPU.ActiveCfg = Debug|Any CPU
		{8ECCD663-DEBA-4EAF-A439-605C9C00ECEC}.Debug|Any CPU.Build.0 = Debug|Any CPU
		{8ECCD663-DEBA-4EAF-A439-605C9C00ECEC}.Release|Any CPU.ActiveCfg = Release|Any CPU
		{8ECCD663-DEBA-4EAF-A439-605C9C00ECEC}.Release|Any CPU.Build.0 = Release|Any CPU
	EndGlobalSection
	GlobalSection(SolutionProperties) = preSolution
		HideSolutionNode = FALSE
	EndGlobalSection
	GlobalSection(ExtensibilityGlobals) = postSolution
		SolutionGuid = {60CDF90A-75B6-4A40-B140-064E9AC1E772}
	EndGlobalSection
EndGlobal
